PODS:
  - DJI-SDK-iOS (4.2.2)
  - DJI-UILibrary-iOS (4.2)

DEPENDENCIES:
  - DJI-SDK-iOS (~> 4.0)
  - DJI-UILibrary-iOS (~> 4.2)

SPEC CHECKSUMS:
  DJI-SDK-iOS: 7a87288dca778e6fe13e5d55a368b4978d753112
  DJI-UILibrary-iOS: cfff3b188c1ef79a1681d76d49a5e295dc5be1c2

PODFILE CHECKSUM: 2116bb9c7dfe4945c814ee40e9ef5216d0d0e0f7

COCOAPODS: 1.2.1
