// !$*UTF8*$!
{
	archiveVersion = 1;
	classes = {
	};
	objectVersion = 46;
	objects = {

/* Begin PBXBuildFile section */
		18630C4A1F17CEE800FF6E70 /* DJIFlightHelpers.m in Sources */ = {isa = PBXBuildFile; fileRef = 18630C491F17CEE800FF6E70 /* DJIFlightHelpers.m */; };
		186E028E1F16A57300A24156 /* main.m in Sources */ = {isa = PBXBuildFile; fileRef = 186E028D1F16A57300A24156 /* main.m */; };
		186E02911F16A57300A24156 /* AppDelegate.m in Sources */ = {isa = PBXBuildFile; fileRef = 186E02901F16A57300A24156 /* AppDelegate.m */; };
		186E02941F16A57300A24156 /* ViewController.m in Sources */ = {isa = PBXBuildFile; fileRef = 186E02931F16A57300A24156 /* ViewController.m */; };
		186E02971F16A57300A24156 /* Main.storyboard in Resources */ = {isa = PBXBuildFile; fileRef = 186E02951F16A57300A24156 /* Main.storyboard */; };
		186E02991F16A57300A24156 /* Assets.xcassets in Resources */ = {isa = PBXBuildFile; fileRef = 186E02981F16A57300A24156 /* Assets.xcassets */; };
		186E029C1F16A57300A24156 /* LaunchScreen.storyboard in Resources */ = {isa = PBXBuildFile; fileRef = 186E029A1F16A57300A24156 /* LaunchScreen.storyboard */; };
		186E02A71F16A57300A24156 /* BPDeliveryTests.m in Sources */ = {isa = PBXBuildFile; fileRef = 186E02A61F16A57300A24156 /* BPDeliveryTests.m */; };
		186E02B21F16A57300A24156 /* BPDeliveryUITests.m in Sources */ = {isa = PBXBuildFile; fileRef = 186E02B11F16A57300A24156 /* BPDeliveryUITests.m */; };
		18C02DC51F1FEF6300E69CE6 /* VideoPreviewer.framework in Frameworks */ = {isa = PBXBuildFile; fileRef = 18C02DC41F1FEF3700E69CE6 /* VideoPreviewer.framework */; };
		18C02DC61F1FEF6300E69CE6 /* VideoPreviewer.framework in Embed Frameworks */ = {isa = PBXBuildFile; fileRef = 18C02DC41F1FEF3700E69CE6 /* VideoPreviewer.framework */; settings = {ATTRIBUTES = (CodeSignOnCopy, RemoveHeadersOnCopy, ); }; };
		18DACAB31F27A24B007A3473 /* DJIFlightControls.m in Sources */ = {isa = PBXBuildFile; fileRef = 18DACAB21F27A24B007A3473 /* DJIFlightControls.m */; };
		E92D6BA15359A3AC4C691FF1 /* libPods-BPDelivery.a in Frameworks */ = {isa = PBXBuildFile; fileRef = C9C50FD4B3ADEAA7A60BCCED /* libPods-BPDelivery.a */; };
/* End PBXBuildFile section */

/* Begin PBXContainerItemProxy section */
		186E02A31F16A57300A24156 /* PBXContainerItemProxy */ = {
			isa = PBXContainerItemProxy;
			containerPortal = 186E02811F16A57300A24156 /* Project object */;
			proxyType = 1;
			remoteGlobalIDString = 186E02881F16A57300A24156;
			remoteInfo = BPDelivery;
		};
		186E02AE1F16A57300A24156 /* PBXContainerItemProxy */ = {
			isa = PBXContainerItemProxy;
			containerPortal = 186E02811F16A57300A24156 /* Project object */;
			proxyType = 1;
			remoteGlobalIDString = 186E02881F16A57300A24156;
			remoteInfo = BPDelivery;
		};
		18C02DC31F1FEF3700E69CE6 /* PBXContainerItemProxy */ = {
			isa = PBXContainerItemProxy;
			containerPortal = 18C02DBF1F1FEF3700E69CE6 /* VideoPreviewer.xcodeproj */;
			proxyType = 2;
			remoteGlobalIDString = 02A543FD1C3C51CB0083C11B;
			remoteInfo = VideoPreviewer;
		};
		18C02DC71F1FEF6300E69CE6 /* PBXContainerItemProxy */ = {
			isa = PBXContainerItemProxy;
			containerPortal = 18C02DBF1F1FEF3700E69CE6 /* VideoPreviewer.xcodeproj */;
			proxyType = 1;
			remoteGlobalIDString = 02A543FC1C3C51CB0083C11B;
			remoteInfo = VideoPreviewer;
		};
/* End PBXContainerItemProxy section */

/* Begin PBXCopyFilesBuildPhase section */
		18C02DC91F1FEF6300E69CE6 /* Embed Frameworks */ = {
			isa = PBXCopyFilesBuildPhase;
			buildActionMask = 2147483647;
			dstPath = "";
			dstSubfolderSpec = 10;
			files = (
				18C02DC61F1FEF6300E69CE6 /* VideoPreviewer.framework in Embed Frameworks */,
			);
			name = "Embed Frameworks";
			runOnlyForDeploymentPostprocessing = 0;
		};
/* End PBXCopyFilesBuildPhase section */

/* Begin PBXFileReference section */
		18630C481F17CEE800FF6E70 /* DJIFlightHelpers.h */ = {isa = PBXFileReference; fileEncoding = 4; lastKnownFileType = sourcecode.c.h; path = DJIFlightHelpers.h; sourceTree = "<group>"; };
		18630C491F17CEE800FF6E70 /* DJIFlightHelpers.m */ = {isa = PBXFileReference; fileEncoding = 4; lastKnownFileType = sourcecode.c.objc; path = DJIFlightHelpers.m; sourceTree = "<group>"; };
		186E02891F16A57300A24156 /* BPDelivery.app */ = {isa = PBXFileReference; explicitFileType = wrapper.application; includeInIndex = 0; path = BPDelivery.app; sourceTree = BUILT_PRODUCTS_DIR; };
		186E028D1F16A57300A24156 /* main.m */ = {isa = PBXFileReference; lastKnownFileType = sourcecode.c.objc; path = main.m; sourceTree = "<group>"; };
		186E028F1F16A57300A24156 /* AppDelegate.h */ = {isa = PBXFileReference; lastKnownFileType = sourcecode.c.h; path = AppDelegate.h; sourceTree = "<group>"; };
		186E02901F16A57300A24156 /* AppDelegate.m */ = {isa = PBXFileReference; lastKnownFileType = sourcecode.c.objc; path = AppDelegate.m; sourceTree = "<group>"; };
		186E02921F16A57300A24156 /* ViewController.h */ = {isa = PBXFileReference; lastKnownFileType = sourcecode.c.h; path = ViewController.h; sourceTree = "<group>"; };
		186E02931F16A57300A24156 /* ViewController.m */ = {isa = PBXFileReference; lastKnownFileType = sourcecode.c.objc; path = ViewController.m; sourceTree = "<group>"; };
		186E02961F16A57300A24156 /* Base */ = {isa = PBXFileReference; lastKnownFileType = file.storyboard; name = Base; path = Base.lproj/Main.storyboard; sourceTree = "<group>"; };
		186E02981F16A57300A24156 /* Assets.xcassets */ = {isa = PBXFileReference; lastKnownFileType = folder.assetcatalog; path = Assets.xcassets; sourceTree = "<group>"; };
		186E029B1F16A57300A24156 /* Base */ = {isa = PBXFileReference; lastKnownFileType = file.storyboard; name = Base; path = Base.lproj/LaunchScreen.storyboard; sourceTree = "<group>"; };
		186E029D1F16A57300A24156 /* Info.plist */ = {isa = PBXFileReference; lastKnownFileType = text.plist.xml; path = Info.plist; sourceTree = "<group>"; };
		186E02A21F16A57300A24156 /* BPDeliveryTests.xctest */ = {isa = PBXFileReference; explicitFileType = wrapper.cfbundle; includeInIndex = 0; path = BPDeliveryTests.xctest; sourceTree = BUILT_PRODUCTS_DIR; };
		186E02A61F16A57300A24156 /* BPDeliveryTests.m */ = {isa = PBXFileReference; lastKnownFileType = sourcecode.c.objc; path = BPDeliveryTests.m; sourceTree = "<group>"; };
		186E02A81F16A57300A24156 /* Info.plist */ = {isa = PBXFileReference; lastKnownFileType = text.plist.xml; path = Info.plist; sourceTree = "<group>"; };
		186E02AD1F16A57300A24156 /* BPDeliveryUITests.xctest */ = {isa = PBXFileReference; explicitFileType = wrapper.cfbundle; includeInIndex = 0; path = BPDeliveryUITests.xctest; sourceTree = BUILT_PRODUCTS_DIR; };
		186E02B11F16A57300A24156 /* BPDeliveryUITests.m */ = {isa = PBXFileReference; lastKnownFileType = sourcecode.c.objc; path = BPDeliveryUITests.m; sourceTree = "<group>"; };
		186E02B31F16A57300A24156 /* Info.plist */ = {isa = PBXFileReference; lastKnownFileType = text.plist.xml; path = Info.plist; sourceTree = "<group>"; };
		18C02DBF1F1FEF3700E69CE6 /* VideoPreviewer.xcodeproj */ = {isa = PBXFileReference; lastKnownFileType = "wrapper.pb-project"; name = VideoPreviewer.xcodeproj; path = VideoPreviewer/VideoPreviewer.xcodeproj; sourceTree = "<group>"; };
		18DACAB11F27A24B007A3473 /* DJIFlightControls.h */ = {isa = PBXFileReference; fileEncoding = 4; lastKnownFileType = sourcecode.c.h; path = DJIFlightControls.h; sourceTree = "<group>"; };
		18DACAB21F27A24B007A3473 /* DJIFlightControls.m */ = {isa = PBXFileReference; fileEncoding = 4; lastKnownFileType = sourcecode.c.objc; path = DJIFlightControls.m; sourceTree = "<group>"; };
		BB23571170CAC93563CC1C98 /* Pods-BPDelivery.debug.xcconfig */ = {isa = PBXFileReference; includeInIndex = 1; lastKnownFileType = text.xcconfig; name = "Pods-BPDelivery.debug.xcconfig"; path = "Pods/Target Support Files/Pods-BPDelivery/Pods-BPDelivery.debug.xcconfig"; sourceTree = "<group>"; };
		C0B7D9A4B3346698B46E45BA /* Pods-BPDelivery.release.xcconfig */ = {isa = PBXFileReference; includeInIndex = 1; lastKnownFileType = text.xcconfig; name = "Pods-BPDelivery.release.xcconfig"; path = "Pods/Target Support Files/Pods-BPDelivery/Pods-BPDelivery.release.xcconfig"; sourceTree = "<group>"; };
		C9C50FD4B3ADEAA7A60BCCED /* libPods-BPDelivery.a */ = {isa = PBXFileReference; explicitFileType = archive.ar; includeInIndex = 0; path = "libPods-BPDelivery.a"; sourceTree = BUILT_PRODUCTS_DIR; };
/* End PBXFileReference section */

/* Begin PBXFrameworksBuildPhase section */
		186E02861F16A57300A24156 /* Frameworks */ = {
			isa = PBXFrameworksBuildPhase;
			buildActionMask = 2147483647;
			files = (
				18C02DC51F1FEF6300E69CE6 /* VideoPreviewer.framework in Frameworks */,
				E92D6BA15359A3AC4C691FF1 /* libPods-BPDelivery.a in Frameworks */,
			);
			runOnlyForDeploymentPostprocessing = 0;
		};
		186E029F1F16A57300A24156 /* Frameworks */ = {
			isa = PBXFrameworksBuildPhase;
			buildActionMask = 2147483647;
			files = (
			);
			runOnlyForDeploymentPostprocessing = 0;
		};
		186E02AA1F16A57300A24156 /* Frameworks */ = {
			isa = PBXFrameworksBuildPhase;
			buildActionMask = 2147483647;
			files = (
			);
			runOnlyForDeploymentPostprocessing = 0;
		};
/* End PBXFrameworksBuildPhase section */

/* Begin PBXGroup section */
		06F9760AD17F5087D354119F /* Frameworks */ = {
			isa = PBXGroup;
			children = (
				18C02DBF1F1FEF3700E69CE6 /* VideoPreviewer.xcodeproj */,
				C9C50FD4B3ADEAA7A60BCCED /* libPods-BPDelivery.a */,
			);
			name = Frameworks;
			sourceTree = "<group>";
		};
		18630C471F17CEA300FF6E70 /* DJIHelpers */ = {
			isa = PBXGroup;
			children = (
				18630C481F17CEE800FF6E70 /* DJIFlightHelpers.h */,
				18630C491F17CEE800FF6E70 /* DJIFlightHelpers.m */,
				18DACAB11F27A24B007A3473 /* DJIFlightControls.h */,
				18DACAB21F27A24B007A3473 /* DJIFlightControls.m */,
			);
			name = DJIHelpers;
			sourceTree = "<group>";
		};
		186E02801F16A57300A24156 = {
			isa = PBXGroup;
			children = (
				186E028B1F16A57300A24156 /* BPDelivery */,
				186E02A51F16A57300A24156 /* BPDeliveryTests */,
				186E02B01F16A57300A24156 /* BPDeliveryUITests */,
				186E028A1F16A57300A24156 /* Products */,
				E6E3877DC7F4E7796CD120C0 /* Pods */,
				06F9760AD17F5087D354119F /* Frameworks */,
			);
			sourceTree = "<group>";
		};
		186E028A1F16A57300A24156 /* Products */ = {
			isa = PBXGroup;
			children = (
				186E02891F16A57300A24156 /* BPDelivery.app */,
				186E02A21F16A57300A24156 /* BPDeliveryTests.xctest */,
				186E02AD1F16A57300A24156 /* BPDeliveryUITests.xctest */,
			);
			name = Products;
			sourceTree = "<group>";
		};
		186E028B1F16A57300A24156 /* BPDelivery */ = {
			isa = PBXGroup;
			children = (
				18630C471F17CEA300FF6E70 /* DJIHelpers */,
				186E028F1F16A57300A24156 /* AppDelegate.h */,
				186E02901F16A57300A24156 /* AppDelegate.m */,
				186E02921F16A57300A24156 /* ViewController.h */,
				186E02931F16A57300A24156 /* ViewController.m */,
				186E02951F16A57300A24156 /* Main.storyboard */,
				186E02981F16A57300A24156 /* Assets.xcassets */,
				186E029A1F16A57300A24156 /* LaunchScreen.storyboard */,
				186E029D1F16A57300A24156 /* Info.plist */,
				186E028C1F16A57300A24156 /* Supporting Files */,
			);
			path = BPDelivery;
			sourceTree = "<group>";
		};
		186E028C1F16A57300A24156 /* Supporting Files */ = {
			isa = PBXGroup;
			children = (
				186E028D1F16A57300A24156 /* main.m */,
			);
			name = "Supporting Files";
			sourceTree = "<group>";
		};
		186E02A51F16A57300A24156 /* BPDeliveryTests */ = {
			isa = PBXGroup;
			children = (
				186E02A61F16A57300A24156 /* BPDeliveryTests.m */,
				186E02A81F16A57300A24156 /* Info.plist */,
			);
			path = BPDeliveryTests;
			sourceTree = "<group>";
		};
		186E02B01F16A57300A24156 /* BPDeliveryUITests */ = {
			isa = PBXGroup;
			children = (
				186E02B11F16A57300A24156 /* BPDeliveryUITests.m */,
				186E02B31F16A57300A24156 /* Info.plist */,
			);
			path = BPDeliveryUITests;
			sourceTree = "<group>";
		};
		18C02DC01F1FEF3700E69CE6 /* Products */ = {
			isa = PBXGroup;
			children = (
				18C02DC41F1FEF3700E69CE6 /* VideoPreviewer.framework */,
			);
			name = Products;
			sourceTree = "<group>";
		};
		E6E3877DC7F4E7796CD120C0 /* Pods */ = {
			isa = PBXGroup;
			children = (
				BB23571170CAC93563CC1C98 /* Pods-BPDelivery.debug.xcconfig */,
				C0B7D9A4B3346698B46E45BA /* Pods-BPDelivery.release.xcconfig */,
			);
			name = Pods;
			sourceTree = "<group>";
		};
/* End PBXGroup section */

/* Begin PBXNativeTarget section */
		186E02881F16A57300A24156 /* BPDelivery */ = {
			isa = PBXNativeTarget;
			buildConfigurationList = 186E02B61F16A57300A24156 /* Build configuration list for PBXNativeTarget "BPDelivery" */;
			buildPhases = (
				160B45760AEF69B15335C5E3 /* [CP] Check Pods Manifest.lock */,
				186E02851F16A57300A24156 /* Sources */,
				186E02861F16A57300A24156 /* Frameworks */,
				186E02871F16A57300A24156 /* Resources */,
				D9503C98F54A986DE4D22E7F /* [CP] Embed Pods Frameworks */,
				3650D55DBB06675BF3622E9A /* [CP] Copy Pods Resources */,
				18C02DC91F1FEF6300E69CE6 /* Embed Frameworks */,
			);
			buildRules = (
			);
			dependencies = (
				18C02DC81F1FEF6300E69CE6 /* PBXTargetDependency */,
			);
			name = BPDelivery;
			productName = BPDelivery;
			productReference = 186E02891F16A57300A24156 /* BPDelivery.app */;
			productType = "com.apple.product-type.application";
		};
		186E02A11F16A57300A24156 /* BPDeliveryTests */ = {
			isa = PBXNativeTarget;
			buildConfigurationList = 186E02B91F16A57300A24156 /* Build configuration list for PBXNativeTarget "BPDeliveryTests" */;
			buildPhases = (
				186E029E1F16A57300A24156 /* Sources */,
				186E029F1F16A57300A24156 /* Frameworks */,
				186E02A01F16A57300A24156 /* Resources */,
			);
			buildRules = (
			);
			dependencies = (
				186E02A41F16A57300A24156 /* PBXTargetDependency */,
			);
			name = BPDeliveryTests;
			productName = BPDeliveryTests;
			productReference = 186E02A21F16A57300A24156 /* BPDeliveryTests.xctest */;
			productType = "com.apple.product-type.bundle.unit-test";
		};
		186E02AC1F16A57300A24156 /* BPDeliveryUITests */ = {
			isa = PBXNativeTarget;
			buildConfigurationList = 186E02BC1F16A57300A24156 /* Build configuration list for PBXNativeTarget "BPDeliveryUITests" */;
			buildPhases = (
				186E02A91F16A57300A24156 /* Sources */,
				186E02AA1F16A57300A24156 /* Frameworks */,
				186E02AB1F16A57300A24156 /* Resources */,
			);
			buildRules = (
			);
			dependencies = (
				186E02AF1F16A57300A24156 /* PBXTargetDependency */,
			);
			name = BPDeliveryUITests;
			productName = BPDeliveryUITests;
			productReference = 186E02AD1F16A57300A24156 /* BPDeliveryUITests.xctest */;
			productType = "com.apple.product-type.bundle.ui-testing";
		};
/* End PBXNativeTarget section */

/* Begin PBXProject section */
		186E02811F16A57300A24156 /* Project object */ = {
			isa = PBXProject;
			attributes = {
				LastUpgradeCheck = 0830;
				ORGANIZATIONNAME = "Jonathan Jungck";
				TargetAttributes = {
					186E02881F16A57300A24156 = {
						CreatedOnToolsVersion = 8.3.3;
						DevelopmentTeam = CKUW8XW97S;
						ProvisioningStyle = Automatic;
					};
					186E02A11F16A57300A24156 = {
						CreatedOnToolsVersion = 8.3.3;
						DevelopmentTeam = CKUW8XW97S;
						ProvisioningStyle = Automatic;
						TestTargetID = 186E02881F16A57300A24156;
					};
					186E02AC1F16A57300A24156 = {
						CreatedOnToolsVersion = 8.3.3;
						DevelopmentTeam = CKUW8XW97S;
						ProvisioningStyle = Automatic;
						TestTargetID = 186E02881F16A57300A24156;
					};
				};
			};
			buildConfigurationList = 186E02841F16A57300A24156 /* Build configuration list for PBXProject "BPDelivery" */;
			compatibilityVersion = "Xcode 3.2";
			developmentRegion = English;
			hasScannedForEncodings = 0;
			knownRegions = (
				en,
				Base,
			);
			mainGroup = 186E02801F16A57300A24156;
			productRefGroup = 186E028A1F16A57300A24156 /* Products */;
			projectDirPath = "";
			projectReferences = (
				{
					ProductGroup = 18C02DC01F1FEF3700E69CE6 /* Products */;
					ProjectRef = 18C02DBF1F1FEF3700E69CE6 /* VideoPreviewer.xcodeproj */;
				},
			);
			projectRoot = "";
			targets = (
				186E02881F16A57300A24156 /* BPDelivery */,
				186E02A11F16A57300A24156 /* BPDeliveryTests */,
				186E02AC1F16A57300A24156 /* BPDeliveryUITests */,
			);
		};
/* End PBXProject section */

/* Begin PBXReferenceProxy section */
		18C02DC41F1FEF3700E69CE6 /* VideoPreviewer.framework */ = {
			isa = PBXReferenceProxy;
			fileType = wrapper.framework;
			path = VideoPreviewer.framework;
			remoteRef = 18C02DC31F1FEF3700E69CE6 /* PBXContainerItemProxy */;
			sourceTree = BUILT_PRODUCTS_DIR;
		};
/* End PBXReferenceProxy section */

/* Begin PBXResourcesBuildPhase section */
		186E02871F16A57300A24156 /* Resources */ = {
			isa = PBXResourcesBuildPhase;
			buildActionMask = 2147483647;
			files = (
				186E029C1F16A57300A24156 /* LaunchScreen.storyboard in Resources */,
				186E02991F16A57300A24156 /* Assets.xcassets in Resources */,
				186E02971F16A57300A24156 /* Main.storyboard in Resources */,
			);
			runOnlyForDeploymentPostprocessing = 0;
		};
		186E02A01F16A57300A24156 /* Resources */ = {
			isa = PBXResourcesBuildPhase;
			buildActionMask = 2147483647;
			files = (
			);
			runOnlyForDeploymentPostprocessing = 0;
		};
		186E02AB1F16A57300A24156 /* Resources */ = {
			isa = PBXResourcesBuildPhase;
			buildActionMask = 2147483647;
			files = (
			);
			runOnlyForDeploymentPostprocessing = 0;
		};
/* End PBXResourcesBuildPhase section */

/* Begin PBXShellScriptBuildPhase section */
		160B45760AEF69B15335C5E3 /* [CP] Check Pods Manifest.lock */ = {
			isa = PBXShellScriptBuildPhase;
			buildActionMask = 2147483647;
			files = (
			);
			inputPaths = (
			);
			name = "[CP] Check Pods Manifest.lock";
			outputPaths = (
			);
			runOnlyForDeploymentPostprocessing = 0;
			shellPath = /bin/sh;
			shellScript = "diff \"${PODS_PODFILE_DIR_PATH}/Podfile.lock\" \"${PODS_ROOT}/Manifest.lock\" > /dev/null\nif [ $? != 0 ] ; then\n    # print error to STDERR\n    echo \"error: The sandbox is not in sync with the Podfile.lock. Run 'pod install' or update your CocoaPods installation.\" >&2\n    exit 1\nfi\n";
			showEnvVarsInLog = 0;
		};
		3650D55DBB06675BF3622E9A /* [CP] Copy Pods Resources */ = {
			isa = PBXShellScriptBuildPhase;
			buildActionMask = 2147483647;
			files = (
			);
			inputPaths = (
			);
			name = "[CP] Copy Pods Resources";
			outputPaths = (
			);
			runOnlyForDeploymentPostprocessing = 0;
			shellPath = /bin/sh;
			shellScript = "\"${SRCROOT}/Pods/Target Support Files/Pods-BPDelivery/Pods-BPDelivery-resources.sh\"\n";
			showEnvVarsInLog = 0;
		};
		D9503C98F54A986DE4D22E7F /* [CP] Embed Pods Frameworks */ = {
			isa = PBXShellScriptBuildPhase;
			buildActionMask = 2147483647;
			files = (
			);
			inputPaths = (
			);
			name = "[CP] Embed Pods Frameworks";
			outputPaths = (
			);
			runOnlyForDeploymentPostprocessing = 0;
			shellPath = /bin/sh;
			shellScript = "\"${SRCROOT}/Pods/Target Support Files/Pods-BPDelivery/Pods-BPDelivery-frameworks.sh\"\n";
			showEnvVarsInLog = 0;
		};
/* End PBXShellScriptBuildPhase section */

/* Begin PBXSourcesBuildPhase section */
		186E02851F16A57300A24156 /* Sources */ = {
			isa = PBXSourcesBuildPhase;
			buildActionMask = 2147483647;
			files = (
				186E02941F16A57300A24156 /* ViewController.m in Sources */,
				18630C4A1F17CEE800FF6E70 /* DJIFlightHelpers.m in Sources */,
				186E02911F16A57300A24156 /* AppDelegate.m in Sources */,
				186E028E1F16A57300A24156 /* main.m in Sources */,
				18DACAB31F27A24B007A3473 /* DJIFlightControls.m in Sources */,
			);
			runOnlyForDeploymentPostprocessing = 0;
		};
		186E029E1F16A57300A24156 /* Sources */ = {
			isa = PBXSourcesBuildPhase;
			buildActionMask = 2147483647;
			files = (
				186E02A71F16A57300A24156 /* BPDeliveryTests.m in Sources */,
			);
			runOnlyForDeploymentPostprocessing = 0;
		};
		186E02A91F16A57300A24156 /* Sources */ = {
			isa = PBXSourcesBuildPhase;
			buildActionMask = 2147483647;
			files = (
				186E02B21F16A57300A24156 /* BPDeliveryUITests.m in Sources */,
			);
			runOnlyForDeploymentPostprocessing = 0;
		};
/* End PBXSourcesBuildPhase section */

/* Begin PBXTargetDependency section */
		186E02A41F16A57300A24156 /* PBXTargetDependency */ = {
			isa = PBXTargetDependency;
			target = 186E02881F16A57300A24156 /* BPDelivery */;
			targetProxy = 186E02A31F16A57300A24156 /* PBXContainerItemProxy */;
		};
		186E02AF1F16A57300A24156 /* PBXTargetDependency */ = {
			isa = PBXTargetDependency;
			target = 186E02881F16A57300A24156 /* BPDelivery */;
			targetProxy = 186E02AE1F16A57300A24156 /* PBXContainerItemProxy */;
		};
		18C02DC81F1FEF6300E69CE6 /* PBXTargetDependency */ = {
			isa = PBXTargetDependency;
			name = VideoPreviewer;
			targetProxy = 18C02DC71F1FEF6300E69CE6 /* PBXContainerItemProxy */;
		};
/* End PBXTargetDependency section */

/* Begin PBXVariantGroup section */
		186E02951F16A57300A24156 /* Main.storyboard */ = {
			isa = PBXVariantGroup;
			children = (
				186E02961F16A57300A24156 /* Base */,
			);
			name = Main.storyboard;
			sourceTree = "<group>";
		};
		186E029A1F16A57300A24156 /* LaunchScreen.storyboard */ = {
			isa = PBXVariantGroup;
			children = (
				186E029B1F16A57300A24156 /* Base */,
			);
			name = LaunchScreen.storyboard;
			sourceTree = "<group>";
		};
/* End PBXVariantGroup section */

/* Begin XCBuildConfiguration section */
		186E02B41F16A57300A24156 /* Debug */ = {
			isa = XCBuildConfiguration;
			buildSettings = {
				ALWAYS_SEARCH_USER_PATHS = NO;
				CLANG_ANALYZER_NONNULL = YES;
				CLANG_ANALYZER_NUMBER_OBJECT_CONVERSION = YES_AGGRESSIVE;
				CLANG_CXX_LANGUAGE_STANDARD = "gnu++0x";
				CLANG_CXX_LIBRARY = "libc++";
				CLANG_ENABLE_MODULES = YES;
				CLANG_ENABLE_OBJC_ARC = YES;
				CLANG_WARN_BOOL_CONVERSION = YES;
				CLANG_WARN_CONSTANT_CONVERSION = YES;
				CLANG_WARN_DIRECT_OBJC_ISA_USAGE = YES_ERROR;
				CLANG_WARN_DOCUMENTATION_COMMENTS = YES;
				CLANG_WARN_EMPTY_BODY = YES;
				CLANG_WARN_ENUM_CONVERSION = YES;
				CLANG_WARN_INFINITE_RECURSION = YES;
				CLANG_WARN_INT_CONVERSION = YES;
				CLANG_WARN_OBJC_ROOT_CLASS = YES_ERROR;
				CLANG_WARN_SUSPICIOUS_MOVE = YES;
				CLANG_WARN_UNREACHABLE_CODE = YES;
				CLANG_WARN__DUPLICATE_METHOD_MATCH = YES;
				"CODE_SIGN_IDENTITY[sdk=iphoneos*]" = "iPhone Developer";
				COPY_PHASE_STRIP = NO;
				DEBUG_INFORMATION_FORMAT = dwarf;
				ENABLE_STRICT_OBJC_MSGSEND = YES;
				ENABLE_TESTABILITY = YES;
				GCC_C_LANGUAGE_STANDARD = gnu99;
				GCC_DYNAMIC_NO_PIC = NO;
				GCC_NO_COMMON_BLOCKS = YES;
				GCC_OPTIMIZATION_LEVEL = 0;
				GCC_PREPROCESSOR_DEFINITIONS = (
					"DEBUG=1",
					"$(inherited)",
				);
				GCC_WARN_64_TO_32_BIT_CONVERSION = YES;
				GCC_WARN_ABOUT_RETURN_TYPE = YES_ERROR;
				GCC_WARN_UNDECLARED_SELECTOR = YES;
				GCC_WARN_UNINITIALIZED_AUTOS = YES_AGGRESSIVE;
				GCC_WARN_UNUSED_FUNCTION = YES;
				GCC_WARN_UNUSED_VARIABLE = YES;
				IPHONEOS_DEPLOYMENT_TARGET = 10.3;
				MTL_ENABLE_DEBUG_INFO = YES;
				ONLY_ACTIVE_ARCH = YES;
				SDKROOT = iphoneos;
				TARGETED_DEVICE_FAMILY = "1,2";
			};
			name = Debug;
		};
		186E02B51F16A57300A24156 /* Release */ = {
			isa = XCBuildConfiguration;
			buildSettings = {
				ALWAYS_SEARCH_USER_PATHS = NO;
				CLANG_ANALYZER_NONNULL = YES;
				CLANG_ANALYZER_NUMBER_OBJECT_CONVERSION = YES_AGGRESSIVE;
				CLANG_CXX_LANGUAGE_STANDARD = "gnu++0x";
				CLANG_CXX_LIBRARY = "libc++";
				CLANG_ENABLE_MODULES = YES;
				CLANG_ENABLE_OBJC_ARC = YES;
				CLANG_WARN_BOOL_CONVERSION = YES;
				CLANG_WARN_CONSTANT_CONVERSION = YES;
				CLANG_WARN_DIRECT_OBJC_ISA_USAGE = YES_ERROR;
				CLANG_WARN_DOCUMENTATION_COMMENTS = YES;
				CLANG_WARN_EMPTY_BODY = YES;
				CLANG_WARN_ENUM_CONVERSION = YES;
				CLANG_WARN_INFINITE_RECURSION = YES;
				CLANG_WARN_INT_CONVERSION = YES;
				CLANG_WARN_OBJC_ROOT_CLASS = YES_ERROR;
				CLANG_WARN_SUSPICIOUS_MOVE = YES;
				CLANG_WARN_UNREACHABLE_CODE = YES;
				CLANG_WARN__DUPLICATE_METHOD_MATCH = YES;
				"CODE_SIGN_IDENTITY[sdk=iphoneos*]" = "iPhone Developer";
				COPY_PHASE_STRIP = NO;
				DEBUG_INFORMATION_FORMAT = "dwarf-with-dsym";
				ENABLE_NS_ASSERTIONS = NO;
				ENABLE_STRICT_OBJC_MSGSEND = YES;
				GCC_C_LANGUAGE_STANDARD = gnu99;
				GCC_NO_COMMON_BLOCKS = YES;
				GCC_WARN_64_TO_32_BIT_CONVERSION = YES;
				GCC_WARN_ABOUT_RETURN_TYPE = YES_ERROR;
				GCC_WARN_UNDECLARED_SELECTOR = YES;
				GCC_WARN_UNINITIALIZED_AUTOS = YES_AGGRESSIVE;
				GCC_WARN_UNUSED_FUNCTION = YES;
				GCC_WARN_UNUSED_VARIABLE = YES;
				IPHONEOS_DEPLOYMENT_TARGET = 10.3;
				MTL_ENABLE_DEBUG_INFO = NO;
				SDKROOT = iphoneos;
				TARGETED_DEVICE_FAMILY = "1,2";
				VALIDATE_PRODUCT = YES;
			};
			name = Release;
		};
		186E02B71F16A57300A24156 /* Debug */ = {
			isa = XCBuildConfiguration;
			baseConfigurationReference = BB23571170CAC93563CC1C98 /* Pods-BPDelivery.debug.xcconfig */;
			buildSettings = {
				ASSETCATALOG_COMPILER_APPICON_NAME = AppIcon;
				DEVELOPMENT_TEAM = CKUW8XW97S;
				ENABLE_BITCODE = NO;
				INFOPLIST_FILE = BPDelivery/Info.plist;
				LD_RUNPATH_SEARCH_PATHS = "$(inherited) @executable_path/Frameworks";
				PRODUCT_BUNDLE_IDENTIFIER = com.jungckjp.BPDelivery;
				PRODUCT_NAME = "$(TARGET_NAME)";
			};
			name = Debug;
		};
		186E02B81F16A57300A24156 /* Release */ = {
			isa = XCBuildConfiguration;
			baseConfigurationReference = C0B7D9A4B3346698B46E45BA /* Pods-BPDelivery.release.xcconfig */;
			buildSettings = {
				ASSETCATALOG_COMPILER_APPICON_NAME = AppIcon;
				DEVELOPMENT_TEAM = CKUW8XW97S;
				ENABLE_BITCODE = NO;
				INFOPLIST_FILE = BPDelivery/Info.plist;
				LD_RUNPATH_SEARCH_PATHS = "$(inherited) @executable_path/Frameworks";
				PRODUCT_BUNDLE_IDENTIFIER = com.jungckjp.BPDelivery;
				PRODUCT_NAME = "$(TARGET_NAME)";
			};
			name = Release;
		};
		186E02BA1F16A57300A24156 /* Debug */ = {
			isa = XCBuildConfiguration;
			buildSettings = {
				BUNDLE_LOADER = "$(TEST_HOST)";
				DEVELOPMENT_TEAM = CKUW8XW97S;
				INFOPLIST_FILE = BPDeliveryTests/Info.plist;
				LD_RUNPATH_SEARCH_PATHS = "$(inherited) @executable_path/Frameworks @loader_path/Frameworks";
				PRODUCT_BUNDLE_IDENTIFIER = com.jungckjp.BPDeliveryTests;
				PRODUCT_NAME = "$(TARGET_NAME)";
				TEST_HOST = "$(BUILT_PRODUCTS_DIR)/BPDelivery.app/BPDelivery";
			};
			name = Debug;
		};
		186E02BB1F16A57300A24156 /* Release */ = {
			isa = XCBuildConfiguration;
			buildSettings = {
				BUNDLE_LOADER = "$(TEST_HOST)";
				DEVELOPMENT_TEAM = CKUW8XW97S;
				INFOPLIST_FILE = BPDeliveryTests/Info.plist;
				LD_RUNPATH_SEARCH_PATHS = "$(inherited) @executable_path/Frameworks @loader_path/Frameworks";
				PRODUCT_BUNDLE_IDENTIFIER = com.jungckjp.BPDeliveryTests;
				PRODUCT_NAME = "$(TARGET_NAME)";
				TEST_HOST = "$(BUILT_PRODUCTS_DIR)/BPDelivery.app/BPDelivery";
			};
			name = Release;
		};
		186E02BD1F16A57300A24156 /* Debug */ = {
			isa = XCBuildConfiguration;
			buildSettings = {
				DEVELOPMENT_TEAM = CKUW8XW97S;
				INFOPLIST_FILE = BPDeliveryUITests/Info.plist;
				LD_RUNPATH_SEARCH_PATHS = "$(inherited) @executable_path/Frameworks @loader_path/Frameworks";
				PRODUCT_BUNDLE_IDENTIFIER = com.jungckjp.BPDeliveryUITests;
				PRODUCT_NAME = "$(TARGET_NAME)";
				TEST_TARGET_NAME = BPDelivery;
			};
			name = Debug;
		};
		186E02BE1F16A57300A24156 /* Release */ = {
			isa = XCBuildConfiguration;
			buildSettings = {
				DEVELOPMENT_TEAM = CKUW8XW97S;
				INFOPLIST_FILE = BPDeliveryUITests/Info.plist;
				LD_RUNPATH_SEARCH_PATHS = "$(inherited) @executable_path/Frameworks @loader_path/Frameworks";
				PRODUCT_BUNDLE_IDENTIFIER = com.jungckjp.BPDeliveryUITests;
				PRODUCT_NAME = "$(TARGET_NAME)";
				TEST_TARGET_NAME = BPDelivery;
			};
			name = Release;
		};
/* End XCBuildConfiguration section */

/* Begin XCConfigurationList section */
		186E02841F16A57300A24156 /* Build configuration list for PBXProject "BPDelivery" */ = {
			isa = XCConfigurationList;
			buildConfigurations = (
				186E02B41F16A57300A24156 /* Debug */,
				186E02B51F16A57300A24156 /* Release */,
			);
			defaultConfigurationIsVisible = 0;
			defaultConfigurationName = Release;
		};
		186E02B61F16A57300A24156 /* Build configuration list for PBXNativeTarget "BPDelivery" */ = {
			isa = XCConfigurationList;
			buildConfigurations = (
				186E02B71F16A57300A24156 /* Debug */,
				186E02B81F16A57300A24156 /* Release */,
			);
			defaultConfigurationIsVisible = 0;
			defaultConfigurationName = Release;
		};
		186E02B91F16A57300A24156 /* Build configuration list for PBXNativeTarget "BPDeliveryTests" */ = {
			isa = XCConfigurationList;
			buildConfigurations = (
				186E02BA1F16A57300A24156 /* Debug */,
				186E02BB1F16A57300A24156 /* Release */,
			);
			defaultConfigurationIsVisible = 0;
			defaultConfigurationName = Release;
		};
		186E02BC1F16A57300A24156 /* Build configuration list for PBXNativeTarget "BPDeliveryUITests" */ = {
			isa = XCConfigurationList;
			buildConfigurations = (
				186E02BD1F16A57300A24156 /* Debug */,
				186E02BE1F16A57300A24156 /* Release */,
			);
			defaultConfigurationIsVisible = 0;
			defaultConfigurationName = Release;
		};
/* End XCConfigurationList section */
	};
	rootObject = 186E02811F16A57300A24156 /* Project object */;
}
